
Microsoft Visual Studio Solution File, Format Version 11.00
# Visual Studio 2010
Project("{FAE04EC0-301F-11D3-BF4B-00C04F79EFBC}") = "Assembly-CSharp", "Assembly-CSharp.csproj", "{e188cf12-d365-0159-17d5-ba4a7d3cd02d}"
EndProject
Project("{FAE04EC0-301F-11D3-BF4B-00C04F79EFBC}") = "Assembly-CSharp-firstpass", "Assembly-CSharp-firstpass.csproj", "{dd9d280a-f47f-a756-c3b8-641ea36bd56c}"
EndProject
Project("{FAE04EC0-301F-11D3-BF4B-00C04F79EFBC}") = "GoogleMobileAds.Editor", "GoogleMobileAds.Editor.csproj", "{323c48af-27cd-1ce0-723b-52713d7b8f71}"
EndProject
Project("{FAE04EC0-301F-11D3-BF4B-00C04F79EFBC}") = "Sirenix.OdinInspector.Modules.UnityMathematics", "Sirenix.OdinInspector.Modules.UnityMathematics.csproj", "{656a03b2-6719-896b-be94-5d47cc2f9210}"
EndProject
Project("{FAE04EC0-301F-11D3-BF4B-00C04F79EFBC}") = "Assembly-CSharp-Editor", "Assembly-CSharp-Editor.csproj", "{faf4a099-cdd0-eebb-93b7-1f4bea4131ee}"
EndProject
Project("{FAE04EC0-301F-11D3-BF4B-00C04F79EFBC}") = "Assembly-CSharp-Editor-firstpass", "Assembly-CSharp-Editor-firstpass.csproj", "{729823a9-3b9f-749a-fdcb-ae63425b360e}"
EndProject
Global
	GlobalSection(SolutionConfigurationPlatforms) = preSolution
		Debug|Any CPU = Debug|Any CPU
	EndGlobalSection
	GlobalSection(ProjectConfigurationPlatforms) = postSolution
		{e188cf12-d365-0159-17d5-ba4a7d3cd02d}.Debug|Any CPU.ActiveCfg = Debug|Any CPU
		{e188cf12-d365-0159-17d5-ba4a7d3cd02d}.Debug|Any CPU.Build.0 = Debug|Any CPU
		{dd9d280a-f47f-a756-c3b8-641ea36bd56c}.Debug|Any CPU.ActiveCfg = Debug|Any CPU
		{dd9d280a-f47f-a756-c3b8-641ea36bd56c}.Debug|Any CPU.Build.0 = Debug|Any CPU
		{323c48af-27cd-1ce0-723b-52713d7b8f71}.Debug|Any CPU.ActiveCfg = Debug|Any CPU
		{323c48af-27cd-1ce0-723b-52713d7b8f71}.Debug|Any CPU.Build.0 = Debug|Any CPU
		{656a03b2-6719-896b-be94-5d47cc2f9210}.Debug|Any CPU.ActiveCfg = Debug|Any CPU
		{656a03b2-6719-896b-be94-5d47cc2f9210}.Debug|Any CPU.Build.0 = Debug|Any CPU
		{faf4a099-cdd0-eebb-93b7-1f4bea4131ee}.Debug|Any CPU.ActiveCfg = Debug|Any CPU
		{faf4a099-cdd0-eebb-93b7-1f4bea4131ee}.Debug|Any CPU.Build.0 = Debug|Any CPU
		{729823a9-3b9f-749a-fdcb-ae63425b360e}.Debug|Any CPU.ActiveCfg = Debug|Any CPU
		{729823a9-3b9f-749a-fdcb-ae63425b360e}.Debug|Any CPU.Build.0 = Debug|Any CPU
	EndGlobalSection
	GlobalSection(SolutionProperties) = preSolution
		HideSolutionNode = FALSE
	EndGlobalSection
EndGlobal
